
Microsoft Visual Studio Solution File, Format Version 12.00
# Visual Studio 15
VisualStudioVersion = 15.0.27130.2010
MinimumVisualStudioVersion = 10.0.40219.1
Project("{FAE04EC0-301F-11D3-BF4B-00C04F79EFBC}") = "ToyStore", "ToyStore\ToyStore.csproj", "{2C40B02F-5EB0-4347-97FF-B6135D9FC3C6}"
EndProject
Global
	GlobalSection(SolutionConfigurationPlatforms) = preSolution
		Debug|Any CPU = Debug|Any CPU
		Release|Any CPU = Release|Any CPU
	EndGlobalSection
	GlobalSection(ProjectConfigurationPlatforms) = postSolution
		{2C40B02F-5EB0-4347-97FF-B6135D9FC3C6}.Debug|Any CPU.ActiveCfg = Debug|Any CPU
		{2C40B02F-5EB0-4347-97FF-B6135D9FC3C6}.Debug|Any CPU.Build.0 = Debug|Any CPU
		{2C40B02F-5EB0-4347-97FF-B6135D9FC3C6}.Release|Any CPU.ActiveCfg = Release|Any CPU
		{2C40B02F-5EB0-4347-97FF-B6135D9FC3C6}.Release|Any CPU.Build.0 = Release|Any CPU
	EndGlobalSection
	GlobalSection(SolutionProperties) = preSolution
		HideSolutionNode = FALSE
	EndGlobalSection
	GlobalSection(ExtensibilityGlobals) = postSolution
		SolutionGuid = {7D743816-83A2-409D-B019-235FE6E48F5C}
	EndGlobalSection
EndGlobal
